
Microsoft Visual Studio Solution File, Format Version 12.00
# Visual Studio Version 17
VisualStudioVersion = 17.1.32210.238
MinimumVisualStudioVersion = 10.0.40219.1
Project("{9A19103F-16F7-4668-BE54-9A1E7A4F7556}") = "OnlineMarketBLL", "OnlineMarket\OnlineMarketBLL\OnlineMarketBLL.csproj", "{671996A6-1F00-40B4-9FE3-E8FD7F41676F}"
EndProject
Project("{9A19103F-16F7-4668-BE54-9A1E7A4F7556}") = "OnlineMarketCore", "OnlineMarket\OnlineMarketCore\OnlineMarketCore.csproj", "{74B175EE-8C2B-463D-BAB2-A8B7340BD183}"
EndProject
Project("{9A19103F-16F7-4668-BE54-9A1E7A4F7556}") = "OnlineMarketDal", "OnlineMarket\OnlineMarketDal\OnlineMarketDal.csproj", "{7914E9FF-B0EC-4817-B051-9AD6DEAC881C}"
EndProject
Project("{9A19103F-16F7-4668-BE54-9A1E7A4F7556}") = "OnlineMarketApi", "OnlineMarket\OnlineMarketApi\OnlineMarketApi.csproj", "{F14BE473-1843-4A0E-BAB3-A331992B4706}"
EndProject
Global
	GlobalSection(SolutionConfigurationPlatforms) = preSolution
		Debug|Any CPU = Debug|Any CPU
		Release|Any CPU = Release|Any CPU
	EndGlobalSection
	GlobalSection(ProjectConfigurationPlatforms) = postSolution
		{671996A6-1F00-40B4-9FE3-E8FD7F41676F}.Debug|Any CPU.ActiveCfg = Debug|Any CPU
		{671996A6-1F00-40B4-9FE3-E8FD7F41676F}.Debug|Any CPU.Build.0 = Debug|Any CPU
		{671996A6-1F00-40B4-9FE3-E8FD7F41676F}.Release|Any CPU.ActiveCfg = Release|Any CPU
		{671996A6-1F00-40B4-9FE3-E8FD7F41676F}.Release|Any CPU.Build.0 = Release|Any CPU
		{74B175EE-8C2B-463D-BAB2-A8B7340BD183}.Debug|Any CPU.ActiveCfg = Debug|Any CPU
		{74B175EE-8C2B-463D-BAB2-A8B7340BD183}.Debug|Any CPU.Build.0 = Debug|Any CPU
		{74B175EE-8C2B-463D-BAB2-A8B7340BD183}.Release|Any CPU.ActiveCfg = Release|Any CPU
		{74B175EE-8C2B-463D-BAB2-A8B7340BD183}.Release|Any CPU.Build.0 = Release|Any CPU
		{7914E9FF-B0EC-4817-B051-9AD6DEAC881C}.Debug|Any CPU.ActiveCfg = Debug|Any CPU
		{7914E9FF-B0EC-4817-B051-9AD6DEAC881C}.Debug|Any CPU.Build.0 = Debug|Any CPU
		{7914E9FF-B0EC-4817-B051-9AD6DEAC881C}.Release|Any CPU.ActiveCfg = Release|Any CPU
		{7914E9FF-B0EC-4817-B051-9AD6DEAC881C}.Release|Any CPU.Build.0 = Release|Any CPU
		{F14BE473-1843-4A0E-BAB3-A331992B4706}.Debug|Any CPU.ActiveCfg = Debug|Any CPU
		{F14BE473-1843-4A0E-BAB3-A331992B4706}.Debug|Any CPU.Build.0 = Debug|Any CPU
		{F14BE473-1843-4A0E-BAB3-A331992B4706}.Release|Any CPU.ActiveCfg = Release|Any CPU
		{F14BE473-1843-4A0E-BAB3-A331992B4706}.Release|Any CPU.Build.0 = Release|Any CPU
	EndGlobalSection
	GlobalSection(SolutionProperties) = preSolution
		HideSolutionNode = FALSE
	EndGlobalSection
	GlobalSection(ExtensibilityGlobals) = postSolution
		SolutionGuid = {B559294D-0810-4628-BDFF-437C1E7FC9BC}
	EndGlobalSection
EndGlobal
